
Microsoft Visual Studio Solution File, Format Version 12.00
# Visual Studio 2013
VisualStudioVersion = 12.0.40629.0
MinimumVisualStudioVersion = 10.0.40219.1
Project("{FAE04EC0-301F-11D3-BF4B-00C04F79EFBC}") = "SoloProject", "SoloProject\SoloProject.csproj", "{69010ADE-1250-4B5D-B504-8CBAD8151114}"
EndProject
Project("{FAE04EC0-301F-11D3-BF4B-00C04F79EFBC}") = "ModelPoco", "ModelPoco\ModelPoco.csproj", "{92200896-49A2-47D1-9E6E-3041AB9B8BCC}"
EndProject
Project("{FAE04EC0-301F-11D3-BF4B-00C04F79EFBC}") = "UnitTests", "UnitTests\UnitTests.csproj", "{B35C546C-6506-4B9F-8691-9784A510FD37}"
EndProject
Project("{2150E333-8FDC-42A3-9474-1A3956D46DE8}") = ".nuget", ".nuget", "{C513EF3D-BA31-46C6-8D5C-7422A66F9600}"
	ProjectSection(SolutionItems) = preProject
		.nuget\packages.config = .nuget\packages.config
	EndProjectSection
EndProject
Global
	GlobalSection(SubversionScc) = preSolution
		Svn-Managed = True
		Manager = AnkhSVN - Subversion Support for Visual Studio
	EndGlobalSection
	GlobalSection(SolutionConfigurationPlatforms) = preSolution
		Debug|Any CPU = Debug|Any CPU
		Release|Any CPU = Release|Any CPU
	EndGlobalSection
	GlobalSection(ProjectConfigurationPlatforms) = postSolution
		{69010ADE-1250-4B5D-B504-8CBAD8151114}.Debug|Any CPU.ActiveCfg = Debug|Any CPU
		{69010ADE-1250-4B5D-B504-8CBAD8151114}.Debug|Any CPU.Build.0 = Debug|Any CPU
		{69010ADE-1250-4B5D-B504-8CBAD8151114}.Release|Any CPU.ActiveCfg = Release|Any CPU
		{69010ADE-1250-4B5D-B504-8CBAD8151114}.Release|Any CPU.Build.0 = Release|Any CPU
		{92200896-49A2-47D1-9E6E-3041AB9B8BCC}.Debug|Any CPU.ActiveCfg = Debug|Any CPU
		{92200896-49A2-47D1-9E6E-3041AB9B8BCC}.Debug|Any CPU.Build.0 = Debug|Any CPU
		{92200896-49A2-47D1-9E6E-3041AB9B8BCC}.Release|Any CPU.ActiveCfg = Release|Any CPU
		{92200896-49A2-47D1-9E6E-3041AB9B8BCC}.Release|Any CPU.Build.0 = Release|Any CPU
		{B35C546C-6506-4B9F-8691-9784A510FD37}.Debug|Any CPU.ActiveCfg = Debug|Any CPU
		{B35C546C-6506-4B9F-8691-9784A510FD37}.Debug|Any CPU.Build.0 = Debug|Any CPU
		{B35C546C-6506-4B9F-8691-9784A510FD37}.Release|Any CPU.ActiveCfg = Release|Any CPU
		{B35C546C-6506-4B9F-8691-9784A510FD37}.Release|Any CPU.Build.0 = Release|Any CPU
	EndGlobalSection
	GlobalSection(SolutionProperties) = preSolution
		HideSolutionNode = FALSE
	EndGlobalSection
EndGlobal
